
Microsoft Visual Studio Solution File, Format Version 12.00
# Visual Studio Version 17
VisualStudioVersion = 17.13.35828.75
MinimumVisualStudioVersion = 10.0.40219.1
Project("{2150E333-8FDC-42A3-9474-1A3956D46DE8}") = "src", "src", "{02EA681E-C7D8-13C7-8484-4AC65E1B71E8}"
EndProject
Project("{2150E333-8FDC-42A3-9474-1A3956D46DE8}") = "Modules", "Modules", "{ED1E1BE4-A25C-45EE-879D-71216B8812E0}"
EndProject
Project("{2150E333-8FDC-42A3-9474-1A3956D46DE8}") = "Customers", "Customers", "{1E4C54DE-7482-4ECA-A91C-A8DD01B0A6EE}"
EndProject
Project("{FAE04EC0-301F-11D3-BF4B-00C04F79EFBC}") = "Customers.Domain", "src\Modules\Customers\Customers.Domain\Customers.Domain.csproj", "{C55FB164-D94B-42A8-BFDF-693EEACF7F02}"
EndProject
Project("{FAE04EC0-301F-11D3-BF4B-00C04F79EFBC}") = "Customers.Infrastructure", "src\Modules\Customers\Customers.Infrastructure\Customers.Infrastructure.csproj", "{48EA5480-E7AD-4036-AA51-56FAE4CB9CF7}"
EndProject
Project("{FAE04EC0-301F-11D3-BF4B-00C04F79EFBC}") = "Customers.Application", "src\Modules\Customers\Customers.Application\Customers.Application.csproj", "{68916107-0A50-4843-B4E6-DBB5CBFEAAD4}"
EndProject
Project("{2150E333-8FDC-42A3-9474-1A3956D46DE8}") = "Menus", "Menus", "{1CD257B2-664C-435C-8ECB-A0018E1BF6D0}"
EndProject
Project("{FAE04EC0-301F-11D3-BF4B-00C04F79EFBC}") = "Menus.Domain", "src\Modules\Menus\Menus.Domain\Menus.Domain.csproj", "{598513A8-26C1-496B-9D4D-A64DBB7BB61B}"
EndProject
Project("{FAE04EC0-301F-11D3-BF4B-00C04F79EFBC}") = "Menus.Application", "src\Modules\Menus\Menus.Application\Menus.Application.csproj", "{2D83CFF7-7823-4C3C-A8B2-140C9CDBD038}"
EndProject
Project("{FAE04EC0-301F-11D3-BF4B-00C04F79EFBC}") = "Menus.Infrastructure", "src\Modules\Menus\Menus.Infrastructure\Menus.Infrastructure.csproj", "{4D18F611-3213-45BB-89F2-46E3E282C800}"
EndProject
Project("{2150E333-8FDC-42A3-9474-1A3956D46DE8}") = "Restaurants", "Restaurants", "{F411376D-3DC7-46CB-8FC8-9AA0298D07CF}"
EndProject
Project("{FAE04EC0-301F-11D3-BF4B-00C04F79EFBC}") = "Restaurants.Domain", "src\Modules\Restaurants\Restaurants.Domain\Restaurants.Domain.csproj", "{A6598354-7D33-44FF-88FA-BA09802BFB79}"
EndProject
Project("{FAE04EC0-301F-11D3-BF4B-00C04F79EFBC}") = "Restaurants.Application", "src\Modules\Restaurants\Restaurants.Application\Restaurants.Application.csproj", "{DB865552-168E-4782-91A2-AA8C5F4169A3}"
EndProject
Project("{FAE04EC0-301F-11D3-BF4B-00C04F79EFBC}") = "Restaurants.Infrastructure", "src\Modules\Restaurants\Restaurants.Infrastructure\Restaurants.Infrastructure.csproj", "{55095C46-C54E-4014-A52C-4C337CEC6E3A}"
EndProject
Project("{FAE04EC0-301F-11D3-BF4B-00C04F79EFBC}") = "WebAPI", "src\WebAPI\WebAPI.csproj", "{1B0A04C3-E6BC-0FB7-7994-7C99BDAB1788}"
EndProject
Project("{2150E333-8FDC-42A3-9474-1A3956D46DE8}") = "Orders", "Orders", "{2A90AEC9-D2FF-47EF-BC4D-3E44A7B2849C}"
EndProject
Project("{FAE04EC0-301F-11D3-BF4B-00C04F79EFBC}") = "Orders.Domain", "src\Modules\Orders\Orders.Domain\Orders.Domain.csproj", "{7360EA24-A724-4AEA-AE7A-35191C897AE2}"
EndProject
Project("{FAE04EC0-301F-11D3-BF4B-00C04F79EFBC}") = "Orders.Application", "src\Modules\Orders\Orders.Application\Orders.Application.csproj", "{C18A675E-D3FA-40DF-915A-D2C6111EFC21}"
EndProject
Project("{FAE04EC0-301F-11D3-BF4B-00C04F79EFBC}") = "Orders.Infrastructure", "src\Modules\Orders\Orders.Infrastructure\Orders.Infrastructure.csproj", "{F318F92A-A9CC-4079-949F-C3505A8A55B8}"
EndProject
Project("{2150E333-8FDC-42A3-9474-1A3956D46DE8}") = "tests", "tests", "{51339787-D587-4509-B7A8-26A65E4A960A}"
	ProjectSection(SolutionItems) = preProject
		.gitkeep = .gitkeep
	EndProjectSection
EndProject
Project("{FAE04EC0-301F-11D3-BF4B-00C04F79EFBC}") = "Restaurants.Contracts", "src\Modules\Restaurants\Restaurants.Contracts\Restaurants.Contracts.csproj", "{74C2DB14-4E34-4844-9F3E-26C6D1697AC0}"
EndProject
Project("{2150E333-8FDC-42A3-9474-1A3956D46DE8}") = "Food", "Food", "{12FAA37C-4AD5-4E88-87CE-DAED9866D405}"
EndProject
Project("{FAE04EC0-301F-11D3-BF4B-00C04F79EFBC}") = "Food.Domain", "src\Modules\Food\Food.Domain\Food.Domain.csproj", "{E625BE37-7EF2-40F1-8E7D-7E30B7DA428B}"
EndProject
Project("{FAE04EC0-301F-11D3-BF4B-00C04F79EFBC}") = "Food.Application", "src\Modules\Food\Food.Application\Food.Application.csproj", "{F87828E6-B0BE-443A-B5E2-9F960975B6CB}"
EndProject
Project("{FAE04EC0-301F-11D3-BF4B-00C04F79EFBC}") = "Food.Infrastructure", "src\Modules\Food\Food.Infrastructure\Food.Infrastructure.csproj", "{34BC37E4-0032-474C-A144-52B41D5BB604}"
EndProject
Project("{FAE04EC0-301F-11D3-BF4B-00C04F79EFBC}") = "Food.Contracts", "src\Modules\Food\Food.Contracts\Food.Contracts.csproj", "{9701562E-2787-4FCA-9F33-B920EDE9D657}"
EndProject
Project("{FAE04EC0-301F-11D3-BF4B-00C04F79EFBC}") = "Food.Presentation", "src\Modules\Food\Food.Presentation\Food.Presentation.csproj", "{4CE5982E-A3C1-4329-B49C-AEBBF48327FA}"
EndProject
Project("{FAE04EC0-301F-11D3-BF4B-00C04F79EFBC}") = "Menus.Presentation", "src\Modules\Menus\Menus.Presentation\Menus.Presentation.csproj", "{BC53B2D4-7D72-4C0B-B9C7-9D6C49B5B4D7}"
EndProject
Project("{FAE04EC0-301F-11D3-BF4B-00C04F79EFBC}") = "Shared.Kernal", "src\Shared.Kernal\Shared.Kernal.csproj", "{5AC1D71E-37CD-487B-91BD-07CCF3D3D75B}"
EndProject
Global
	GlobalSection(SolutionConfigurationPlatforms) = preSolution
		Debug|Any CPU = Debug|Any CPU
		Release|Any CPU = Release|Any CPU
	EndGlobalSection
	GlobalSection(ProjectConfigurationPlatforms) = postSolution
		{C55FB164-D94B-42A8-BFDF-693EEACF7F02}.Debug|Any CPU.ActiveCfg = Debug|Any CPU
		{C55FB164-D94B-42A8-BFDF-693EEACF7F02}.Debug|Any CPU.Build.0 = Debug|Any CPU
		{C55FB164-D94B-42A8-BFDF-693EEACF7F02}.Release|Any CPU.ActiveCfg = Release|Any CPU
		{C55FB164-D94B-42A8-BFDF-693EEACF7F02}.Release|Any CPU.Build.0 = Release|Any CPU
		{48EA5480-E7AD-4036-AA51-56FAE4CB9CF7}.Debug|Any CPU.ActiveCfg = Debug|Any CPU
		{48EA5480-E7AD-4036-AA51-56FAE4CB9CF7}.Debug|Any CPU.Build.0 = Debug|Any CPU
		{48EA5480-E7AD-4036-AA51-56FAE4CB9CF7}.Release|Any CPU.ActiveCfg = Release|Any CPU
		{48EA5480-E7AD-4036-AA51-56FAE4CB9CF7}.Release|Any CPU.Build.0 = Release|Any CPU
		{68916107-0A50-4843-B4E6-DBB5CBFEAAD4}.Debug|Any CPU.ActiveCfg = Debug|Any CPU
		{68916107-0A50-4843-B4E6-DBB5CBFEAAD4}.Debug|Any CPU.Build.0 = Debug|Any CPU
		{68916107-0A50-4843-B4E6-DBB5CBFEAAD4}.Release|Any CPU.ActiveCfg = Release|Any CPU
		{68916107-0A50-4843-B4E6-DBB5CBFEAAD4}.Release|Any CPU.Build.0 = Release|Any CPU
		{598513A8-26C1-496B-9D4D-A64DBB7BB61B}.Debug|Any CPU.ActiveCfg = Debug|Any CPU
		{598513A8-26C1-496B-9D4D-A64DBB7BB61B}.Debug|Any CPU.Build.0 = Debug|Any CPU
		{598513A8-26C1-496B-9D4D-A64DBB7BB61B}.Release|Any CPU.ActiveCfg = Release|Any CPU
		{598513A8-26C1-496B-9D4D-A64DBB7BB61B}.Release|Any CPU.Build.0 = Release|Any CPU
		{2D83CFF7-7823-4C3C-A8B2-140C9CDBD038}.Debug|Any CPU.ActiveCfg = Debug|Any CPU
		{2D83CFF7-7823-4C3C-A8B2-140C9CDBD038}.Debug|Any CPU.Build.0 = Debug|Any CPU
		{2D83CFF7-7823-4C3C-A8B2-140C9CDBD038}.Release|Any CPU.ActiveCfg = Release|Any CPU
		{2D83CFF7-7823-4C3C-A8B2-140C9CDBD038}.Release|Any CPU.Build.0 = Release|Any CPU
		{4D18F611-3213-45BB-89F2-46E3E282C800}.Debug|Any CPU.ActiveCfg = Debug|Any CPU
		{4D18F611-3213-45BB-89F2-46E3E282C800}.Debug|Any CPU.Build.0 = Debug|Any CPU
		{4D18F611-3213-45BB-89F2-46E3E282C800}.Release|Any CPU.ActiveCfg = Release|Any CPU
		{4D18F611-3213-45BB-89F2-46E3E282C800}.Release|Any CPU.Build.0 = Release|Any CPU
		{A6598354-7D33-44FF-88FA-BA09802BFB79}.Debug|Any CPU.ActiveCfg = Debug|Any CPU
		{A6598354-7D33-44FF-88FA-BA09802BFB79}.Debug|Any CPU.Build.0 = Debug|Any CPU
		{A6598354-7D33-44FF-88FA-BA09802BFB79}.Release|Any CPU.ActiveCfg = Release|Any CPU
		{A6598354-7D33-44FF-88FA-BA09802BFB79}.Release|Any CPU.Build.0 = Release|Any CPU
		{DB865552-168E-4782-91A2-AA8C5F4169A3}.Debug|Any CPU.ActiveCfg = Debug|Any CPU
		{DB865552-168E-4782-91A2-AA8C5F4169A3}.Debug|Any CPU.Build.0 = Debug|Any CPU
		{DB865552-168E-4782-91A2-AA8C5F4169A3}.Release|Any CPU.ActiveCfg = Release|Any CPU
		{DB865552-168E-4782-91A2-AA8C5F4169A3}.Release|Any CPU.Build.0 = Release|Any CPU
		{55095C46-C54E-4014-A52C-4C337CEC6E3A}.Debug|Any CPU.ActiveCfg = Debug|Any CPU
		{55095C46-C54E-4014-A52C-4C337CEC6E3A}.Debug|Any CPU.Build.0 = Debug|Any CPU
		{55095C46-C54E-4014-A52C-4C337CEC6E3A}.Release|Any CPU.ActiveCfg = Release|Any CPU
		{55095C46-C54E-4014-A52C-4C337CEC6E3A}.Release|Any CPU.Build.0 = Release|Any CPU
		{1B0A04C3-E6BC-0FB7-7994-7C99BDAB1788}.Debug|Any CPU.ActiveCfg = Debug|Any CPU
		{1B0A04C3-E6BC-0FB7-7994-7C99BDAB1788}.Debug|Any CPU.Build.0 = Debug|Any CPU
		{1B0A04C3-E6BC-0FB7-7994-7C99BDAB1788}.Release|Any CPU.ActiveCfg = Release|Any CPU
		{1B0A04C3-E6BC-0FB7-7994-7C99BDAB1788}.Release|Any CPU.Build.0 = Release|Any CPU
		{7360EA24-A724-4AEA-AE7A-35191C897AE2}.Debug|Any CPU.ActiveCfg = Debug|Any CPU
		{7360EA24-A724-4AEA-AE7A-35191C897AE2}.Debug|Any CPU.Build.0 = Debug|Any CPU
		{7360EA24-A724-4AEA-AE7A-35191C897AE2}.Release|Any CPU.ActiveCfg = Release|Any CPU
		{7360EA24-A724-4AEA-AE7A-35191C897AE2}.Release|Any CPU.Build.0 = Release|Any CPU
		{C18A675E-D3FA-40DF-915A-D2C6111EFC21}.Debug|Any CPU.ActiveCfg = Debug|Any CPU
		{C18A675E-D3FA-40DF-915A-D2C6111EFC21}.Debug|Any CPU.Build.0 = Debug|Any CPU
		{C18A675E-D3FA-40DF-915A-D2C6111EFC21}.Release|Any CPU.ActiveCfg = Release|Any CPU
		{C18A675E-D3FA-40DF-915A-D2C6111EFC21}.Release|Any CPU.Build.0 = Release|Any CPU
		{F318F92A-A9CC-4079-949F-C3505A8A55B8}.Debug|Any CPU.ActiveCfg = Debug|Any CPU
		{F318F92A-A9CC-4079-949F-C3505A8A55B8}.Debug|Any CPU.Build.0 = Debug|Any CPU
		{F318F92A-A9CC-4079-949F-C3505A8A55B8}.Release|Any CPU.ActiveCfg = Release|Any CPU
		{F318F92A-A9CC-4079-949F-C3505A8A55B8}.Release|Any CPU.Build.0 = Release|Any CPU
		{74C2DB14-4E34-4844-9F3E-26C6D1697AC0}.Debug|Any CPU.ActiveCfg = Debug|Any CPU
		{74C2DB14-4E34-4844-9F3E-26C6D1697AC0}.Debug|Any CPU.Build.0 = Debug|Any CPU
		{74C2DB14-4E34-4844-9F3E-26C6D1697AC0}.Release|Any CPU.ActiveCfg = Release|Any CPU
		{74C2DB14-4E34-4844-9F3E-26C6D1697AC0}.Release|Any CPU.Build.0 = Release|Any CPU
		{E625BE37-7EF2-40F1-8E7D-7E30B7DA428B}.Debug|Any CPU.ActiveCfg = Debug|Any CPU
		{E625BE37-7EF2-40F1-8E7D-7E30B7DA428B}.Debug|Any CPU.Build.0 = Debug|Any CPU
		{E625BE37-7EF2-40F1-8E7D-7E30B7DA428B}.Release|Any CPU.ActiveCfg = Release|Any CPU
		{E625BE37-7EF2-40F1-8E7D-7E30B7DA428B}.Release|Any CPU.Build.0 = Release|Any CPU
		{F87828E6-B0BE-443A-B5E2-9F960975B6CB}.Debug|Any CPU.ActiveCfg = Debug|Any CPU
		{F87828E6-B0BE-443A-B5E2-9F960975B6CB}.Debug|Any CPU.Build.0 = Debug|Any CPU
		{F87828E6-B0BE-443A-B5E2-9F960975B6CB}.Release|Any CPU.ActiveCfg = Release|Any CPU
		{F87828E6-B0BE-443A-B5E2-9F960975B6CB}.Release|Any CPU.Build.0 = Release|Any CPU
		{34BC37E4-0032-474C-A144-52B41D5BB604}.Debug|Any CPU.ActiveCfg = Debug|Any CPU
		{34BC37E4-0032-474C-A144-52B41D5BB604}.Debug|Any CPU.Build.0 = Debug|Any CPU
		{34BC37E4-0032-474C-A144-52B41D5BB604}.Release|Any CPU.ActiveCfg = Release|Any CPU
		{34BC37E4-0032-474C-A144-52B41D5BB604}.Release|Any CPU.Build.0 = Release|Any CPU
		{9701562E-2787-4FCA-9F33-B920EDE9D657}.Debug|Any CPU.ActiveCfg = Debug|Any CPU
		{9701562E-2787-4FCA-9F33-B920EDE9D657}.Debug|Any CPU.Build.0 = Debug|Any CPU
		{9701562E-2787-4FCA-9F33-B920EDE9D657}.Release|Any CPU.ActiveCfg = Release|Any CPU
		{9701562E-2787-4FCA-9F33-B920EDE9D657}.Release|Any CPU.Build.0 = Release|Any CPU
		{4CE5982E-A3C1-4329-B49C-AEBBF48327FA}.Debug|Any CPU.ActiveCfg = Debug|Any CPU
		{4CE5982E-A3C1-4329-B49C-AEBBF48327FA}.Debug|Any CPU.Build.0 = Debug|Any CPU
		{4CE5982E-A3C1-4329-B49C-AEBBF48327FA}.Release|Any CPU.ActiveCfg = Release|Any CPU
		{4CE5982E-A3C1-4329-B49C-AEBBF48327FA}.Release|Any CPU.Build.0 = Release|Any CPU
		{BC53B2D4-7D72-4C0B-B9C7-9D6C49B5B4D7}.Debug|Any CPU.ActiveCfg = Debug|Any CPU
		{BC53B2D4-7D72-4C0B-B9C7-9D6C49B5B4D7}.Debug|Any CPU.Build.0 = Debug|Any CPU
		{BC53B2D4-7D72-4C0B-B9C7-9D6C49B5B4D7}.Release|Any CPU.ActiveCfg = Release|Any CPU
		{BC53B2D4-7D72-4C0B-B9C7-9D6C49B5B4D7}.Release|Any CPU.Build.0 = Release|Any CPU
		{5AC1D71E-37CD-487B-91BD-07CCF3D3D75B}.Debug|Any CPU.ActiveCfg = Debug|Any CPU
		{5AC1D71E-37CD-487B-91BD-07CCF3D3D75B}.Debug|Any CPU.Build.0 = Debug|Any CPU
		{5AC1D71E-37CD-487B-91BD-07CCF3D3D75B}.Release|Any CPU.ActiveCfg = Release|Any CPU
		{5AC1D71E-37CD-487B-91BD-07CCF3D3D75B}.Release|Any CPU.Build.0 = Release|Any CPU
	EndGlobalSection
	GlobalSection(SolutionProperties) = preSolution
		HideSolutionNode = FALSE
	EndGlobalSection
	GlobalSection(NestedProjects) = preSolution
		{ED1E1BE4-A25C-45EE-879D-71216B8812E0} = {02EA681E-C7D8-13C7-8484-4AC65E1B71E8}
		{1E4C54DE-7482-4ECA-A91C-A8DD01B0A6EE} = {ED1E1BE4-A25C-45EE-879D-71216B8812E0}
		{C55FB164-D94B-42A8-BFDF-693EEACF7F02} = {1E4C54DE-7482-4ECA-A91C-A8DD01B0A6EE}
		{48EA5480-E7AD-4036-AA51-56FAE4CB9CF7} = {1E4C54DE-7482-4ECA-A91C-A8DD01B0A6EE}
		{68916107-0A50-4843-B4E6-DBB5CBFEAAD4} = {1E4C54DE-7482-4ECA-A91C-A8DD01B0A6EE}
		{1CD257B2-664C-435C-8ECB-A0018E1BF6D0} = {ED1E1BE4-A25C-45EE-879D-71216B8812E0}
		{598513A8-26C1-496B-9D4D-A64DBB7BB61B} = {1CD257B2-664C-435C-8ECB-A0018E1BF6D0}
		{2D83CFF7-7823-4C3C-A8B2-140C9CDBD038} = {1CD257B2-664C-435C-8ECB-A0018E1BF6D0}
		{4D18F611-3213-45BB-89F2-46E3E282C800} = {1CD257B2-664C-435C-8ECB-A0018E1BF6D0}
		{F411376D-3DC7-46CB-8FC8-9AA0298D07CF} = {ED1E1BE4-A25C-45EE-879D-71216B8812E0}
		{A6598354-7D33-44FF-88FA-BA09802BFB79} = {F411376D-3DC7-46CB-8FC8-9AA0298D07CF}
		{DB865552-168E-4782-91A2-AA8C5F4169A3} = {F411376D-3DC7-46CB-8FC8-9AA0298D07CF}
		{55095C46-C54E-4014-A52C-4C337CEC6E3A} = {F411376D-3DC7-46CB-8FC8-9AA0298D07CF}
		{1B0A04C3-E6BC-0FB7-7994-7C99BDAB1788} = {02EA681E-C7D8-13C7-8484-4AC65E1B71E8}
		{2A90AEC9-D2FF-47EF-BC4D-3E44A7B2849C} = {ED1E1BE4-A25C-45EE-879D-71216B8812E0}
		{7360EA24-A724-4AEA-AE7A-35191C897AE2} = {2A90AEC9-D2FF-47EF-BC4D-3E44A7B2849C}
		{C18A675E-D3FA-40DF-915A-D2C6111EFC21} = {2A90AEC9-D2FF-47EF-BC4D-3E44A7B2849C}
		{F318F92A-A9CC-4079-949F-C3505A8A55B8} = {2A90AEC9-D2FF-47EF-BC4D-3E44A7B2849C}
		{74C2DB14-4E34-4844-9F3E-26C6D1697AC0} = {F411376D-3DC7-46CB-8FC8-9AA0298D07CF}
		{12FAA37C-4AD5-4E88-87CE-DAED9866D405} = {ED1E1BE4-A25C-45EE-879D-71216B8812E0}
		{E625BE37-7EF2-40F1-8E7D-7E30B7DA428B} = {12FAA37C-4AD5-4E88-87CE-DAED9866D405}
		{F87828E6-B0BE-443A-B5E2-9F960975B6CB} = {12FAA37C-4AD5-4E88-87CE-DAED9866D405}
		{34BC37E4-0032-474C-A144-52B41D5BB604} = {12FAA37C-4AD5-4E88-87CE-DAED9866D405}
		{9701562E-2787-4FCA-9F33-B920EDE9D657} = {12FAA37C-4AD5-4E88-87CE-DAED9866D405}
		{4CE5982E-A3C1-4329-B49C-AEBBF48327FA} = {12FAA37C-4AD5-4E88-87CE-DAED9866D405}
		{BC53B2D4-7D72-4C0B-B9C7-9D6C49B5B4D7} = {1CD257B2-664C-435C-8ECB-A0018E1BF6D0}
		{5AC1D71E-37CD-487B-91BD-07CCF3D3D75B} = {02EA681E-C7D8-13C7-8484-4AC65E1B71E8}
	EndGlobalSection
	GlobalSection(ExtensibilityGlobals) = postSolution
		SolutionGuid = {BC9A0B9B-AFEB-432F-9B4B-B54FBA3BEA71}
	EndGlobalSection
EndGlobal
